
Microsoft Visual Studio Solution File, Format Version 12.00
# Visual Studio Version 17
VisualStudioVersion = 17.10.35013.160
MinimumVisualStudioVersion = 10.0.40219.1
Project("{FAE04EC0-301F-11D3-BF4B-00C04F79EFBC}") = "Carsties", "Carsties\Carsties.csproj", "{2002F450-FA5B-4AA8-AC07-0CCBE4AA671D}"
EndProject
Global
	GlobalSection(SolutionConfigurationPlatforms) = preSolution
		Debug|Any CPU = Debug|Any CPU
		Release|Any CPU = Release|Any CPU
	EndGlobalSection
	GlobalSection(ProjectConfigurationPlatforms) = postSolution
		{2002F450-FA5B-4AA8-AC07-0CCBE4AA671D}.Debug|Any CPU.ActiveCfg = Debug|Any CPU
		{2002F450-FA5B-4AA8-AC07-0CCBE4AA671D}.Debug|Any CPU.Build.0 = Debug|Any CPU
		{2002F450-FA5B-4AA8-AC07-0CCBE4AA671D}.Release|Any CPU.ActiveCfg = Release|Any CPU
		{2002F450-FA5B-4AA8-AC07-0CCBE4AA671D}.Release|Any CPU.Build.0 = Release|Any CPU
	EndGlobalSection
	GlobalSection(SolutionProperties) = preSolution
		HideSolutionNode = FALSE
	EndGlobalSection
	GlobalSection(ExtensibilityGlobals) = postSolution
		SolutionGuid = {1D9E77CB-8F33-48B5-8A2E-80305D591B89}
	EndGlobalSection
EndGlobal
